// !$*UTF8*$!
{
	archiveVersion = 1;
	classes = {
	};
	objectVersion = 50;
	objects = {

/* Begin PBXBuildFile section */
		4EE3DF7B2087EDB50068DCB3 /* AppDelegate.swift in Sources */ = {isa = PBXBuildFile; fileRef = 4EE3DF7A2087EDB50068DCB3 /* AppDelegate.swift */; };
		4EE3DF7D2087EDB50068DCB3 /* ViewController.swift in Sources */ = {isa = PBXBuildFile; fileRef = 4EE3DF7C2087EDB50068DCB3 /* ViewController.swift */; };
		4EE3DF802087EDB50068DCB3 /* Main.storyboard in Resources */ = {isa = PBXBuildFile; fileRef = 4EE3DF7E2087EDB50068DCB3 /* Main.storyboard */; };
		4EE3DF822087EDB80068DCB3 /* Assets.xcassets in Resources */ = {isa = PBXBuildFile; fileRef = 4EE3DF812087EDB80068DCB3 /* Assets.xcassets */; };
		4EE3DF852087EDB80068DCB3 /* LaunchScreen.storyboard in Resources */ = {isa = PBXBuildFile; fileRef = 4EE3DF832087EDB80068DCB3 /* LaunchScreen.storyboard */; };
		4EE3DF902087EDB80068DCB3 /* Leetcode_SwiftTests.swift in Sources */ = {isa = PBXBuildFile; fileRef = 4EE3DF8F2087EDB80068DCB3 /* Leetcode_SwiftTests.swift */; };
		4EE3DF9B2087EE060068DCB3 /* TreeNode.swift in Sources */ = {isa = PBXBuildFile; fileRef = 4EE3DF9A2087EE060068DCB3 /* TreeNode.swift */; };
		4EE3DF9D2087EE2C0068DCB3 /* DiameterBinaryTree.swift in Sources */ = {isa = PBXBuildFile; fileRef = 4EE3DF9C2087EE2C0068DCB3 /* DiameterBinaryTree.swift */; };
/* End PBXBuildFile section */

/* Begin PBXContainerItemProxy section */
		4EE3DF8C2087EDB80068DCB3 /* PBXContainerItemProxy */ = {
			isa = PBXContainerItemProxy;
			containerPortal = 4EE3DF6F2087EDB50068DCB3 /* Project object */;
			proxyType = 1;
			remoteGlobalIDString = 4EE3DF762087EDB50068DCB3;
			remoteInfo = "Leetcode-Swift";
		};
/* End PBXContainerItemProxy section */

/* Begin PBXFileReference section */
		4EE3DF772087EDB50068DCB3 /* Leetcode-Swift.app */ = {isa = PBXFileReference; explicitFileType = wrapper.application; includeInIndex = 0; path = "Leetcode-Swift.app"; sourceTree = BUILT_PRODUCTS_DIR; };
		4EE3DF7A2087EDB50068DCB3 /* AppDelegate.swift */ = {isa = PBXFileReference; lastKnownFileType = sourcecode.swift; path = AppDelegate.swift; sourceTree = "<group>"; };
		4EE3DF7C2087EDB50068DCB3 /* ViewController.swift */ = {isa = PBXFileReference; lastKnownFileType = sourcecode.swift; path = ViewController.swift; sourceTree = "<group>"; };
		4EE3DF7F2087EDB50068DCB3 /* Base */ = {isa = PBXFileReference; lastKnownFileType = file.storyboard; name = Base; path = Base.lproj/Main.storyboard; sourceTree = "<group>"; };
		4EE3DF812087EDB80068DCB3 /* Assets.xcassets */ = {isa = PBXFileReference; lastKnownFileType = folder.assetcatalog; path = Assets.xcassets; sourceTree = "<group>"; };
		4EE3DF842087EDB80068DCB3 /* Base */ = {isa = PBXFileReference; lastKnownFileType = file.storyboard; name = Base; path = Base.lproj/LaunchScreen.storyboard; sourceTree = "<group>"; };
		4EE3DF862087EDB80068DCB3 /* Info.plist */ = {isa = PBXFileReference; lastKnownFileType = text.plist.xml; path = Info.plist; sourceTree = "<group>"; };
		4EE3DF8B2087EDB80068DCB3 /* Leetcode-SwiftTests.xctest */ = {isa = PBXFileReference; explicitFileType = wrapper.cfbundle; includeInIndex = 0; path = "Leetcode-SwiftTests.xctest"; sourceTree = BUILT_PRODUCTS_DIR; };
		4EE3DF8F2087EDB80068DCB3 /* Leetcode_SwiftTests.swift */ = {isa = PBXFileReference; lastKnownFileType = sourcecode.swift; path = Leetcode_SwiftTests.swift; sourceTree = "<group>"; };
		4EE3DF912087EDB80068DCB3 /* Info.plist */ = {isa = PBXFileReference; lastKnownFileType = text.plist.xml; path = Info.plist; sourceTree = "<group>"; };
		4EE3DF9A2087EE060068DCB3 /* TreeNode.swift */ = {isa = PBXFileReference; lastKnownFileType = sourcecode.swift; path = TreeNode.swift; sourceTree = "<group>"; };
		4EE3DF9C2087EE2C0068DCB3 /* DiameterBinaryTree.swift */ = {isa = PBXFileReference; fileEncoding = 4; lastKnownFileType = sourcecode.swift; path = DiameterBinaryTree.swift; sourceTree = "<group>"; };
/* End PBXFileReference section */

/* Begin PBXFrameworksBuildPhase section */
		4EE3DF742087EDB50068DCB3 /* Frameworks */ = {
			isa = PBXFrameworksBuildPhase;
			buildActionMask = 2147483647;
			files = (
			);
			runOnlyForDeploymentPostprocessing = 0;
		};
		4EE3DF882087EDB80068DCB3 /* Frameworks */ = {
			isa = PBXFrameworksBuildPhase;
			buildActionMask = 2147483647;
			files = (
			);
			runOnlyForDeploymentPostprocessing = 0;
		};
/* End PBXFrameworksBuildPhase section */

/* Begin PBXGroup section */
		4EE3DF6E2087EDB50068DCB3 = {
			isa = PBXGroup;
			children = (
				4EE3DF792087EDB50068DCB3 /* Leetcode-Swift */,
				4EE3DF8E2087EDB80068DCB3 /* Leetcode-SwiftTests */,
				4EE3DF782087EDB50068DCB3 /* Products */,
			);
			sourceTree = "<group>";
		};
		4EE3DF782087EDB50068DCB3 /* Products */ = {
			isa = PBXGroup;
			children = (
				4EE3DF772087EDB50068DCB3 /* Leetcode-Swift.app */,
				4EE3DF8B2087EDB80068DCB3 /* Leetcode-SwiftTests.xctest */,
			);
			name = Products;
			sourceTree = "<group>";
		};
		4EE3DF792087EDB50068DCB3 /* Leetcode-Swift */ = {
			isa = PBXGroup;
			children = (
				4EE3DF9E2087EE3E0068DCB3 /* Tree */,
				4EE3DF7A2087EDB50068DCB3 /* AppDelegate.swift */,
				4EE3DF7C2087EDB50068DCB3 /* ViewController.swift */,
				4EE3DF7E2087EDB50068DCB3 /* Main.storyboard */,
				4EE3DF812087EDB80068DCB3 /* Assets.xcassets */,
				4EE3DF832087EDB80068DCB3 /* LaunchScreen.storyboard */,
				4EE3DF862087EDB80068DCB3 /* Info.plist */,
			);
			path = "Leetcode-Swift";
			sourceTree = "<group>";
		};
		4EE3DF8E2087EDB80068DCB3 /* Leetcode-SwiftTests */ = {
			isa = PBXGroup;
			children = (
				4EE3DF8F2087EDB80068DCB3 /* Leetcode_SwiftTests.swift */,
				4EE3DF912087EDB80068DCB3 /* Info.plist */,
			);
			path = "Leetcode-SwiftTests";
			sourceTree = "<group>";
		};
		4EE3DF9E2087EE3E0068DCB3 /* Tree */ = {
			isa = PBXGroup;
			children = (
				4EE3DF9A2087EE060068DCB3 /* TreeNode.swift */,
				4EE3DF9C2087EE2C0068DCB3 /* DiameterBinaryTree.swift */,
			);
			path = Tree;
			sourceTree = "<group>";
		};
/* End PBXGroup section */

/* Begin PBXNativeTarget section */
		4EE3DF762087EDB50068DCB3 /* Leetcode-Swift */ = {
			isa = PBXNativeTarget;
			buildConfigurationList = 4EE3DF942087EDB80068DCB3 /* Build configuration list for PBXNativeTarget "Leetcode-Swift" */;
			buildPhases = (
				4EE3DF732087EDB50068DCB3 /* Sources */,
				4EE3DF742087EDB50068DCB3 /* Frameworks */,
				4EE3DF752087EDB50068DCB3 /* Resources */,
			);
			buildRules = (
			);
			dependencies = (
			);
			name = "Leetcode-Swift";
			productName = "Leetcode-Swift";
			productReference = 4EE3DF772087EDB50068DCB3 /* Leetcode-Swift.app */;
			productType = "com.apple.product-type.application";
		};
		4EE3DF8A2087EDB80068DCB3 /* Leetcode-SwiftTests */ = {
			isa = PBXNativeTarget;
			buildConfigurationList = 4EE3DF972087EDB80068DCB3 /* Build configuration list for PBXNativeTarget "Leetcode-SwiftTests" */;
			buildPhases = (
				4EE3DF872087EDB80068DCB3 /* Sources */,
				4EE3DF882087EDB80068DCB3 /* Frameworks */,
				4EE3DF892087EDB80068DCB3 /* Resources */,
			);
			buildRules = (
			);
			dependencies = (
				4EE3DF8D2087EDB80068DCB3 /* PBXTargetDependency */,
			);
			name = "Leetcode-SwiftTests";
			productName = "Leetcode-SwiftTests";
			productReference = 4EE3DF8B2087EDB80068DCB3 /* Leetcode-SwiftTests.xctest */;
			productType = "com.apple.product-type.bundle.unit-test";
		};
/* End PBXNativeTarget section */

/* Begin PBXProject section */
		4EE3DF6F2087EDB50068DCB3 /* Project object */ = {
			isa = PBXProject;
			attributes = {
				LastSwiftUpdateCheck = 0930;
				LastUpgradeCheck = 0930;
				ORGANIZATIONNAME = "Shawn Yin";
				TargetAttributes = {
					4EE3DF762087EDB50068DCB3 = {
						CreatedOnToolsVersion = 9.3;
					};
					4EE3DF8A2087EDB80068DCB3 = {
						CreatedOnToolsVersion = 9.3;
						TestTargetID = 4EE3DF762087EDB50068DCB3;
					};
				};
			};
			buildConfigurationList = 4EE3DF722087EDB50068DCB3 /* Build configuration list for PBXProject "Leetcode-Swift" */;
			compatibilityVersion = "Xcode 9.3";
			developmentRegion = en;
			hasScannedForEncodings = 0;
			knownRegions = (
				en,
				Base,
			);
			mainGroup = 4EE3DF6E2087EDB50068DCB3;
			productRefGroup = 4EE3DF782087EDB50068DCB3 /* Products */;
			projectDirPath = "";
			projectRoot = "";
			targets = (
				4EE3DF762087EDB50068DCB3 /* Leetcode-Swift */,
				4EE3DF8A2087EDB80068DCB3 /* Leetcode-SwiftTests */,
			);
		};
/* End PBXProject section */

/* Begin PBXResourcesBuildPhase section */
		4EE3DF752087EDB50068DCB3 /* Resources */ = {
			isa = PBXResourcesBuildPhase;
			buildActionMask = 2147483647;
			files = (
				4EE3DF852087EDB80068DCB3 /* LaunchScreen.storyboard in Resources */,
				4EE3DF822087EDB80068DCB3 /* Assets.xcassets in Resources */,
				4EE3DF802087EDB50068DCB3 /* Main.storyboard in Resources */,
			);
			runOnlyForDeploymentPostprocessing = 0;
		};
		4EE3DF892087EDB80068DCB3 /* Resources */ = {
			isa = PBXResourcesBuildPhase;
			buildActionMask = 2147483647;
			files = (
			);
			runOnlyForDeploymentPostprocessing = 0;
		};
/* End PBXResourcesBuildPhase section */

/* Begin PBXSourcesBuildPhase section */
		4EE3DF732087EDB50068DCB3 /* Sources */ = {
			isa = PBXSourcesBuildPhase;
			buildActionMask = 2147483647;
			files = (
				4EE3DF7D2087EDB50068DCB3 /* ViewController.swift in Sources */,
				4EE3DF7B2087EDB50068DCB3 /* AppDelegate.swift in Sources */,
				4EE3DF9B2087EE060068DCB3 /* TreeNode.swift in Sources */,
				4EE3DF9D2087EE2C0068DCB3 /* DiameterBinaryTree.swift in Sources */,
			);
			runOnlyForDeploymentPostprocessing = 0;
		};
		4EE3DF872087EDB80068DCB3 /* Sources */ = {
			isa = PBXSourcesBuildPhase;
			buildActionMask = 2147483647;
			files = (
				4EE3DF902087EDB80068DCB3 /* Leetcode_SwiftTests.swift in Sources */,
			);
			runOnlyForDeploymentPostprocessing = 0;
		};
/* End PBXSourcesBuildPhase section */

/* Begin PBXTargetDependency section */
		4EE3DF8D2087EDB80068DCB3 /* PBXTargetDependency */ = {
			isa = PBXTargetDependency;
			target = 4EE3DF762087EDB50068DCB3 /* Leetcode-Swift */;
			targetProxy = 4EE3DF8C2087EDB80068DCB3 /* PBXContainerItemProxy */;
		};
/* End PBXTargetDependency section */

/* Begin PBXVariantGroup section */
		4EE3DF7E2087EDB50068DCB3 /* Main.storyboard */ = {
			isa = PBXVariantGroup;
			children = (
				4EE3DF7F2087EDB50068DCB3 /* Base */,
			);
			name = Main.storyboard;
			sourceTree = "<group>";
		};
		4EE3DF832087EDB80068DCB3 /* LaunchScreen.storyboard */ = {
			isa = PBXVariantGroup;
			children = (
				4EE3DF842087EDB80068DCB3 /* Base */,
			);
			name = LaunchScreen.storyboard;
			sourceTree = "<group>";
		};
/* End PBXVariantGroup section */

/* Begin XCBuildConfiguration section */
		4EE3DF922087EDB80068DCB3 /* Debug */ = {
			isa = XCBuildConfiguration;
			buildSettings = {
				ALWAYS_SEARCH_USER_PATHS = NO;
				CLANG_ANALYZER_NONNULL = YES;
				CLANG_ANALYZER_NUMBER_OBJECT_CONVERSION = YES_AGGRESSIVE;
				CLANG_CXX_LANGUAGE_STANDARD = "gnu++14";
				CLANG_CXX_LIBRARY = "libc++";
				CLANG_ENABLE_MODULES = YES;
				CLANG_ENABLE_OBJC_ARC = YES;
				CLANG_ENABLE_OBJC_WEAK = YES;
				CLANG_WARN_BLOCK_CAPTURE_AUTORELEASING = YES;
				CLANG_WARN_BOOL_CONVERSION = YES;
				CLANG_WARN_COMMA = YES;
				CLANG_WARN_CONSTANT_CONVERSION = YES;
				CLANG_WARN_DEPRECATED_OBJC_IMPLEMENTATIONS = YES;
				CLANG_WARN_DIRECT_OBJC_ISA_USAGE = YES_ERROR;
				CLANG_WARN_DOCUMENTATION_COMMENTS = YES;
				CLANG_WARN_EMPTY_BODY = YES;
				CLANG_WARN_ENUM_CONVERSION = YES;
				CLANG_WARN_INFINITE_RECURSION = YES;
				CLANG_WARN_INT_CONVERSION = YES;
				CLANG_WARN_NON_LITERAL_NULL_CONVERSION = YES;
				CLANG_WARN_OBJC_IMPLICIT_RETAIN_SELF = YES;
				CLANG_WARN_OBJC_LITERAL_CONVERSION = YES;
				CLANG_WARN_OBJC_ROOT_CLASS = YES_ERROR;
				CLANG_WARN_RANGE_LOOP_ANALYSIS = YES;
				CLANG_WARN_STRICT_PROTOTYPES = YES;
				CLANG_WARN_SUSPICIOUS_MOVE = YES;
				CLANG_WARN_UNGUARDED_AVAILABILITY = YES_AGGRESSIVE;
				CLANG_WARN_UNREACHABLE_CODE = YES;
				CLANG_WARN__DUPLICATE_METHOD_MATCH = YES;
				CODE_SIGN_IDENTITY = "iPhone Developer";
				COPY_PHASE_STRIP = NO;
				DEBUG_INFORMATION_FORMAT = dwarf;
				ENABLE_STRICT_OBJC_MSGSEND = YES;
				ENABLE_TESTABILITY = YES;
				GCC_C_LANGUAGE_STANDARD = gnu11;
				GCC_DYNAMIC_NO_PIC = NO;
				GCC_NO_COMMON_BLOCKS = YES;
				GCC_OPTIMIZATION_LEVEL = 0;
				GCC_PREPROCESSOR_DEFINITIONS = (
					"DEBUG=1",
					"$(inherited)",
				);
				GCC_WARN_64_TO_32_BIT_CONVERSION = YES;
				GCC_WARN_ABOUT_RETURN_TYPE = YES_ERROR;
				GCC_WARN_UNDECLARED_SELECTOR = YES;
				GCC_WARN_UNINITIALIZED_AUTOS = YES_AGGRESSIVE;
				GCC_WARN_UNUSED_FUNCTION = YES;
				GCC_WARN_UNUSED_VARIABLE = YES;
				IPHONEOS_DEPLOYMENT_TARGET = 11.3;
				MTL_ENABLE_DEBUG_INFO = YES;
				ONLY_ACTIVE_ARCH = YES;
				SDKROOT = iphoneos;
				SWIFT_ACTIVE_COMPILATION_CONDITIONS = DEBUG;
				SWIFT_OPTIMIZATION_LEVEL = "-Onone";
			};
			name = Debug;
		};
		4EE3DF932087EDB80068DCB3 /* Release */ = {
			isa = XCBuildConfiguration;
			buildSettings = {
				ALWAYS_SEARCH_USER_PATHS = NO;
				CLANG_ANALYZER_NONNULL = YES;
				CLANG_ANALYZER_NUMBER_OBJECT_CONVERSION = YES_AGGRESSIVE;
				CLANG_CXX_LANGUAGE_STANDARD = "gnu++14";
				CLANG_CXX_LIBRARY = "libc++";
				CLANG_ENABLE_MODULES = YES;
				CLANG_ENABLE_OBJC_ARC = YES;
				CLANG_ENABLE_OBJC_WEAK = YES;
				CLANG_WARN_BLOCK_CAPTURE_AUTORELEASING = YES;
				CLANG_WARN_BOOL_CONVERSION = YES;
				CLANG_WARN_COMMA = YES;
				CLANG_WARN_CONSTANT_CONVERSION = YES;
				CLANG_WARN_DEPRECATED_OBJC_IMPLEMENTATIONS = YES;
				CLANG_WARN_DIRECT_OBJC_ISA_USAGE = YES_ERROR;
				CLANG_WARN_DOCUMENTATION_COMMENTS = YES;
				CLANG_WARN_EMPTY_BODY = YES;
				CLANG_WARN_ENUM_CONVERSION = YES;
				CLANG_WARN_INFINITE_RECURSION = YES;
				CLANG_WARN_INT_CONVERSION = YES;
				CLANG_WARN_NON_LITERAL_NULL_CONVERSION = YES;
				CLANG_WARN_OBJC_IMPLICIT_RETAIN_SELF = YES;
				CLANG_WARN_OBJC_LITERAL_CONVERSION = YES;
				CLANG_WARN_OBJC_ROOT_CLASS = YES_ERROR;
				CLANG_WARN_RANGE_LOOP_ANALYSIS = YES;
				CLANG_WARN_STRICT_PROTOTYPES = YES;
				CLANG_WARN_SUSPICIOUS_MOVE = YES;
				CLANG_WARN_UNGUARDED_AVAILABILITY = YES_AGGRESSIVE;
				CLANG_WARN_UNREACHABLE_CODE = YES;
				CLANG_WARN__DUPLICATE_METHOD_MATCH = YES;
				CODE_SIGN_IDENTITY = "iPhone Developer";
				COPY_PHASE_STRIP = NO;
				DEBUG_INFORMATION_FORMAT = "dwarf-with-dsym";
				ENABLE_NS_ASSERTIONS = NO;
				ENABLE_STRICT_OBJC_MSGSEND = YES;
				GCC_C_LANGUAGE_STANDARD = gnu11;
				GCC_NO_COMMON_BLOCKS = YES;
				GCC_WARN_64_TO_32_BIT_CONVERSION = YES;
				GCC_WARN_ABOUT_RETURN_TYPE = YES_ERROR;
				GCC_WARN_UNDECLARED_SELECTOR = YES;
				GCC_WARN_UNINITIALIZED_AUTOS = YES_AGGRESSIVE;
				GCC_WARN_UNUSED_FUNCTION = YES;
				GCC_WARN_UNUSED_VARIABLE = YES;
				IPHONEOS_DEPLOYMENT_TARGET = 11.3;
				MTL_ENABLE_DEBUG_INFO = NO;
				SDKROOT = iphoneos;
				SWIFT_COMPILATION_MODE = wholemodule;
				SWIFT_OPTIMIZATION_LEVEL = "-O";
				VALIDATE_PRODUCT = YES;
			};
			name = Release;
		};
		4EE3DF952087EDB80068DCB3 /* Debug */ = {
			isa = XCBuildConfiguration;
			buildSettings = {
				ASSETCATALOG_COMPILER_APPICON_NAME = AppIcon;
				CODE_SIGN_STYLE = Automatic;
				DEVELOPMENT_TEAM = "";
				INFOPLIST_FILE = "Leetcode-Swift/Info.plist";
				LD_RUNPATH_SEARCH_PATHS = (
					"$(inherited)",
					"@executable_path/Frameworks",
				);
				PRODUCT_BUNDLE_IDENTIFIER = "com.xuanyin.Leetcode-Swift";
				PRODUCT_NAME = "$(TARGET_NAME)";
				SWIFT_VERSION = 4.0;
				TARGETED_DEVICE_FAMILY = "1,2";
			};
			name = Debug;
		};
		4EE3DF962087EDB80068DCB3 /* Release */ = {
			isa = XCBuildConfiguration;
			buildSettings = {
				ASSETCATALOG_COMPILER_APPICON_NAME = AppIcon;
				CODE_SIGN_STYLE = Automatic;
				DEVELOPMENT_TEAM = "";
				INFOPLIST_FILE = "Leetcode-Swift/Info.plist";
				LD_RUNPATH_SEARCH_PATHS = (
					"$(inherited)",
					"@executable_path/Frameworks",
				);
				PRODUCT_BUNDLE_IDENTIFIER = "com.xuanyin.Leetcode-Swift";
				PRODUCT_NAME = "$(TARGET_NAME)";
				SWIFT_VERSION = 4.0;
				TARGETED_DEVICE_FAMILY = "1,2";
			};
			name = Release;
		};
		4EE3DF982087EDB80068DCB3 /* Debug */ = {
			isa = XCBuildConfiguration;
			buildSettings = {
				ALWAYS_EMBED_SWIFT_STANDARD_LIBRARIES = YES;
				BUNDLE_LOADER = "$(TEST_HOST)";
				CODE_SIGN_STYLE = Automatic;
				INFOPLIST_FILE = "Leetcode-SwiftTests/Info.plist";
				LD_RUNPATH_SEARCH_PATHS = (
					"$(inherited)",
					"@executable_path/Frameworks",
					"@loader_path/Frameworks",
				);
				PRODUCT_BUNDLE_IDENTIFIER = "com.xuanyin.Leetcode-SwiftTests";
				PRODUCT_NAME = "$(TARGET_NAME)";
				SWIFT_VERSION = 4.0;
				TARGETED_DEVICE_FAMILY = "1,2";
				TEST_HOST = "$(BUILT_PRODUCTS_DIR)/Leetcode-Swift.app/Leetcode-Swift";
			};
			name = Debug;
		};
		4EE3DF992087EDB80068DCB3 /* Release */ = {
			isa = XCBuildConfiguration;
			buildSettings = {
				ALWAYS_EMBED_SWIFT_STANDARD_LIBRARIES = YES;
				BUNDLE_LOADER = "$(TEST_HOST)";
				CODE_SIGN_STYLE = Automatic;
				INFOPLIST_FILE = "Leetcode-SwiftTests/Info.plist";
				LD_RUNPATH_SEARCH_PATHS = (
					"$(inherited)",
					"@executable_path/Frameworks",
					"@loader_path/Frameworks",
				);
				PRODUCT_BUNDLE_IDENTIFIER = "com.xuanyin.Leetcode-SwiftTests";
				PRODUCT_NAME = "$(TARGET_NAME)";
				SWIFT_VERSION = 4.0;
				TARGETED_DEVICE_FAMILY = "1,2";
				TEST_HOST = "$(BUILT_PRODUCTS_DIR)/Leetcode-Swift.app/Leetcode-Swift";
			};
			name = Release;
		};
/* End XCBuildConfiguration section */

/* Begin XCConfigurationList section */
		4EE3DF722087EDB50068DCB3 /* Build configuration list for PBXProject "Leetcode-Swift" */ = {
			isa = XCConfigurationList;
			buildConfigurations = (
				4EE3DF922087EDB80068DCB3 /* Debug */,
				4EE3DF932087EDB80068DCB3 /* Release */,
			);
			defaultConfigurationIsVisible = 0;
			defaultConfigurationName = Release;
		};
		4EE3DF942087EDB80068DCB3 /* Build configuration list for PBXNativeTarget "Leetcode-Swift" */ = {
			isa = XCConfigurationList;
			buildConfigurations = (
				4EE3DF952087EDB80068DCB3 /* Debug */,
				4EE3DF962087EDB80068DCB3 /* Release */,
			);
			defaultConfigurationIsVisible = 0;
			defaultConfigurationName = Release;
		};
		4EE3DF972087EDB80068DCB3 /* Build configuration list for PBXNativeTarget "Leetcode-SwiftTests" */ = {
			isa = XCConfigurationList;
			buildConfigurations = (
				4EE3DF982087EDB80068DCB3 /* Debug */,
				4EE3DF992087EDB80068DCB3 /* Release */,
			);
			defaultConfigurationIsVisible = 0;
			defaultConfigurationName = Release;
		};
/* End XCConfigurationList section */
	};
	rootObject = 4EE3DF6F2087EDB50068DCB3 /* Project object */;
}
